// !$*UTF8*$!
{
	archiveVersion = 1;
	classes = {
	};
	objectVersion = 46;
	objects = {

/* Begin PBXBuildFile section */
		1A027EEF1C3AE45800808298 /* GoalDetailsViewController.swift in Sources */ = {isa = PBXBuildFile; fileRef = 1A027EEE1C3AE45800808298 /* GoalDetailsViewController.swift */; };
		1A208EBA1C933339007C0E6E /* justdoit.mp3 in Resources */ = {isa = PBXBuildFile; fileRef = 1A208EB91C933339007C0E6E /* justdoit.mp3 */; };
		1A208EBC1C9334F8007C0E6E /* justdoit.caf in Resources */ = {isa = PBXBuildFile; fileRef = 1A208EBB1C9334F8007C0E6E /* justdoit.caf */; };
		1A208EBE1C9383ED007C0E6E /* DebugView.swift in Sources */ = {isa = PBXBuildFile; fileRef = 1A208EBD1C9383ED007C0E6E /* DebugView.swift */; };
		1A48AF2A1C5902A400D160CA /* GoalTableCell.swift in Sources */ = {isa = PBXBuildFile; fileRef = 1A48AF291C5902A400D160CA /* GoalTableCell.swift */; };
		1A4E4B311C5A3D2B00718D49 /* AddGoalViewController.swift in Sources */ = {isa = PBXBuildFile; fileRef = 1A4E4B301C5A3D2B00718D49 /* AddGoalViewController.swift */; };
		1A5D72EC1C4E5D4100392F10 /* GoalsTableViewController.swift in Sources */ = {isa = PBXBuildFile; fileRef = 1A5D72EB1C4E5D4100392F10 /* GoalsTableViewController.swift */; };
		1A98A5561C2F7535004EA4EC /* Model.xcdatamodeld in Sources */ = {isa = PBXBuildFile; fileRef = 1A98A5541C2F7535004EA4EC /* Model.xcdatamodeld */; };
		1A98A5591C2F7716004EA4EC /* Main.storyboard in Resources */ = {isa = PBXBuildFile; fileRef = 1A98A5571C2F7716004EA4EC /* Main.storyboard */; };
		1AAC09891C8F384800D9C112 /* Interface.storyboard in Resources */ = {isa = PBXBuildFile; fileRef = 1AAC09871C8F384800D9C112 /* Interface.storyboard */; };
		1AAC098B1C8F384800D9C112 /* Assets.xcassets in Resources */ = {isa = PBXBuildFile; fileRef = 1AAC098A1C8F384800D9C112 /* Assets.xcassets */; };
		1AAC09921C8F384900D9C112 /* JustDoItWatch Extension.appex in Embed App Extensions */ = {isa = PBXBuildFile; fileRef = 1AAC09911C8F384900D9C112 /* JustDoItWatch Extension.appex */; settings = {ATTRIBUTES = (RemoveHeadersOnCopy, ); }; };
		1AAC09991C8F384900D9C112 /* InterfaceController.swift in Sources */ = {isa = PBXBuildFile; fileRef = 1AAC09981C8F384900D9C112 /* InterfaceController.swift */; };
		1AAC099B1C8F384900D9C112 /* ExtensionDelegate.swift in Sources */ = {isa = PBXBuildFile; fileRef = 1AAC099A1C8F384900D9C112 /* ExtensionDelegate.swift */; };
		1AAC099D1C8F384900D9C112 /* NotificationController.swift in Sources */ = {isa = PBXBuildFile; fileRef = 1AAC099C1C8F384900D9C112 /* NotificationController.swift */; };
		1AAC099F1C8F384900D9C112 /* Assets.xcassets in Resources */ = {isa = PBXBuildFile; fileRef = 1AAC099E1C8F384900D9C112 /* Assets.xcassets */; };
		1AAC09A31C8F384900D9C112 /* JustDoItWatch.app in Embed Watch Content */ = {isa = PBXBuildFile; fileRef = 1AAC09851C8F384800D9C112 /* JustDoItWatch.app */; };
		1AAC09AD1C90AADF00D9C112 /* FinishAddGoalsTableViewController.swift in Sources */ = {isa = PBXBuildFile; fileRef = 1AAC09AC1C90AADF00D9C112 /* FinishAddGoalsTableViewController.swift */; };
		1AB6C51E1C92EF7A001079E4 /* Goal.swift in Sources */ = {isa = PBXBuildFile; fileRef = 1AB6C51D1C92EF7A001079E4 /* Goal.swift */; };
		1ADB11721C216F3600DA3BBB /* AppDelegate.swift in Sources */ = {isa = PBXBuildFile; fileRef = 1ADB11711C216F3600DA3BBB /* AppDelegate.swift */; };
		1ADB117B1C216F3700DA3BBB /* Assets.xcassets in Resources */ = {isa = PBXBuildFile; fileRef = 1ADB117A1C216F3700DA3BBB /* Assets.xcassets */; };
		1ADB117E1C216F3700DA3BBB /* LaunchScreen.storyboard in Resources */ = {isa = PBXBuildFile; fileRef = 1ADB117C1C216F3700DA3BBB /* LaunchScreen.storyboard */; };
		1ADB11891C216F3700DA3BBB /* JustDoItTests.swift in Sources */ = {isa = PBXBuildFile; fileRef = 1ADB11881C216F3700DA3BBB /* JustDoItTests.swift */; };
		1ADB11941C216F3700DA3BBB /* JustDoItUITests.swift in Sources */ = {isa = PBXBuildFile; fileRef = 1ADB11931C216F3700DA3BBB /* JustDoItUITests.swift */; };
		218F845C6C47B4DEF096BDC5 /* Pods_JustDoIt.framework in Frameworks */ = {isa = PBXBuildFile; fileRef = B0FFE8583AB03DEF7DE4AC38 /* Pods_JustDoIt.framework */; };
/* End PBXBuildFile section */

/* Begin PBXContainerItemProxy section */
		1AAC09931C8F384900D9C112 /* PBXContainerItemProxy */ = {
			isa = PBXContainerItemProxy;
			containerPortal = 1ADB11661C216F3600DA3BBB /* Project object */;
			proxyType = 1;
			remoteGlobalIDString = 1AAC09901C8F384900D9C112;
			remoteInfo = "JustDoItWatch Extension";
		};
		1AAC09A11C8F384900D9C112 /* PBXContainerItemProxy */ = {
			isa = PBXContainerItemProxy;
			containerPortal = 1ADB11661C216F3600DA3BBB /* Project object */;
			proxyType = 1;
			remoteGlobalIDString = 1AAC09841C8F384800D9C112;
			remoteInfo = JustDoItWatch;
		};
		1ADB11851C216F3700DA3BBB /* PBXContainerItemProxy */ = {
			isa = PBXContainerItemProxy;
			containerPortal = 1ADB11661C216F3600DA3BBB /* Project object */;
			proxyType = 1;
			remoteGlobalIDString = 1ADB116D1C216F3600DA3BBB;
			remoteInfo = JustDoIt;
		};
		1ADB11901C216F3700DA3BBB /* PBXContainerItemProxy */ = {
			isa = PBXContainerItemProxy;
			containerPortal = 1ADB11661C216F3600DA3BBB /* Project object */;
			proxyType = 1;
			remoteGlobalIDString = 1ADB116D1C216F3600DA3BBB;
			remoteInfo = JustDoIt;
		};
/* End PBXContainerItemProxy section */

/* Begin PBXCopyFilesBuildPhase section */
		1AAC09A91C8F384900D9C112 /* Embed App Extensions */ = {
			isa = PBXCopyFilesBuildPhase;
			buildActionMask = 2147483647;
			dstPath = "";
			dstSubfolderSpec = 13;
			files = (
				1AAC09921C8F384900D9C112 /* JustDoItWatch Extension.appex in Embed App Extensions */,
			);
			name = "Embed App Extensions";
			runOnlyForDeploymentPostprocessing = 0;
		};
		1AAC09AB1C8F384900D9C112 /* Embed Watch Content */ = {
			isa = PBXCopyFilesBuildPhase;
			buildActionMask = 2147483647;
			dstPath = "$(CONTENTS_FOLDER_PATH)/Watch";
			dstSubfolderSpec = 16;
			files = (
				1AAC09A31C8F384900D9C112 /* JustDoItWatch.app in Embed Watch Content */,
			);
			name = "Embed Watch Content";
			runOnlyForDeploymentPostprocessing = 0;
		};
/* End PBXCopyFilesBuildPhase section */

/* Begin PBXFileReference section */
		1A027EEE1C3AE45800808298 /* GoalDetailsViewController.swift */ = {isa = PBXFileReference; fileEncoding = 4; lastKnownFileType = sourcecode.swift; path = GoalDetailsViewController.swift; sourceTree = "<group>"; };
		1A208EB91C933339007C0E6E /* justdoit.mp3 */ = {isa = PBXFileReference; lastKnownFileType = audio.mp3; name = justdoit.mp3; path = JustDoIt/justdoit.mp3; sourceTree = "<group>"; };
		1A208EBB1C9334F8007C0E6E /* justdoit.caf */ = {isa = PBXFileReference; lastKnownFileType = file; name = justdoit.caf; path = JustDoIt/justdoit.caf; sourceTree = "<group>"; };
		1A208EBD1C9383ED007C0E6E /* DebugView.swift */ = {isa = PBXFileReference; fileEncoding = 4; lastKnownFileType = sourcecode.swift; path = DebugView.swift; sourceTree = "<group>"; };
		1A48AF291C5902A400D160CA /* GoalTableCell.swift */ = {isa = PBXFileReference; fileEncoding = 4; lastKnownFileType = sourcecode.swift; path = GoalTableCell.swift; sourceTree = "<group>"; };
		1A4E4B301C5A3D2B00718D49 /* AddGoalViewController.swift */ = {isa = PBXFileReference; fileEncoding = 4; lastKnownFileType = sourcecode.swift; path = AddGoalViewController.swift; sourceTree = "<group>"; };
		1A5D72EB1C4E5D4100392F10 /* GoalsTableViewController.swift */ = {isa = PBXFileReference; fileEncoding = 4; lastKnownFileType = sourcecode.swift; path = GoalsTableViewController.swift; sourceTree = "<group>"; };
		1A98A5551C2F7535004EA4EC /* Model.xcdatamodel */ = {isa = PBXFileReference; lastKnownFileType = wrapper.xcdatamodel; path = Model.xcdatamodel; sourceTree = "<group>"; };
		1A98A5581C2F7716004EA4EC /* Base */ = {isa = PBXFileReference; lastKnownFileType = file.storyboard; name = Base; path = JustDoIt/Base.lproj/Main.storyboard; sourceTree = "<group>"; };
		1AAC09851C8F384800D9C112 /* JustDoItWatch.app */ = {isa = PBXFileReference; explicitFileType = wrapper.application; includeInIndex = 0; path = JustDoItWatch.app; sourceTree = BUILT_PRODUCTS_DIR; };
		1AAC09881C8F384800D9C112 /* Base */ = {isa = PBXFileReference; lastKnownFileType = file.storyboard; name = Base; path = Base.lproj/Interface.storyboard; sourceTree = "<group>"; };
		1AAC098A1C8F384800D9C112 /* Assets.xcassets */ = {isa = PBXFileReference; lastKnownFileType = folder.assetcatalog; path = Assets.xcassets; sourceTree = "<group>"; };
		1AAC098C1C8F384800D9C112 /* Info.plist */ = {isa = PBXFileReference; lastKnownFileType = text.plist.xml; path = Info.plist; sourceTree = "<group>"; };
		1AAC09911C8F384900D9C112 /* JustDoItWatch Extension.appex */ = {isa = PBXFileReference; explicitFileType = "wrapper.app-extension"; includeInIndex = 0; path = "JustDoItWatch Extension.appex"; sourceTree = BUILT_PRODUCTS_DIR; };
		1AAC09971C8F384900D9C112 /* PushNotificationPayload.apns */ = {isa = PBXFileReference; lastKnownFileType = text; path = PushNotificationPayload.apns; sourceTree = "<group>"; };
		1AAC09981C8F384900D9C112 /* InterfaceController.swift */ = {isa = PBXFileReference; lastKnownFileType = sourcecode.swift; path = InterfaceController.swift; sourceTree = "<group>"; };
		1AAC099A1C8F384900D9C112 /* ExtensionDelegate.swift */ = {isa = PBXFileReference; lastKnownFileType = sourcecode.swift; path = ExtensionDelegate.swift; sourceTree = "<group>"; };
		1AAC099C1C8F384900D9C112 /* NotificationController.swift */ = {isa = PBXFileReference; lastKnownFileType = sourcecode.swift; path = NotificationController.swift; sourceTree = "<group>"; };
		1AAC099E1C8F384900D9C112 /* Assets.xcassets */ = {isa = PBXFileReference; lastKnownFileType = folder.assetcatalog; path = Assets.xcassets; sourceTree = "<group>"; };
		1AAC09A01C8F384900D9C112 /* Info.plist */ = {isa = PBXFileReference; lastKnownFileType = text.plist.xml; path = Info.plist; sourceTree = "<group>"; };
		1AAC09AC1C90AADF00D9C112 /* FinishAddGoalsTableViewController.swift */ = {isa = PBXFileReference; fileEncoding = 4; lastKnownFileType = sourcecode.swift; path = FinishAddGoalsTableViewController.swift; sourceTree = "<group>"; };
		1AB6C51D1C92EF7A001079E4 /* Goal.swift */ = {isa = PBXFileReference; fileEncoding = 4; lastKnownFileType = sourcecode.swift; path = Goal.swift; sourceTree = "<group>"; };
		1ADB116E1C216F3600DA3BBB /* JustDoIt.app */ = {isa = PBXFileReference; explicitFileType = wrapper.application; includeInIndex = 0; path = JustDoIt.app; sourceTree = BUILT_PRODUCTS_DIR; };
		1ADB11711C216F3600DA3BBB /* AppDelegate.swift */ = {isa = PBXFileReference; lastKnownFileType = sourcecode.swift; path = AppDelegate.swift; sourceTree = "<group>"; };
		1ADB117A1C216F3700DA3BBB /* Assets.xcassets */ = {isa = PBXFileReference; lastKnownFileType = folder.assetcatalog; path = Assets.xcassets; sourceTree = "<group>"; };
		1ADB117D1C216F3700DA3BBB /* Base */ = {isa = PBXFileReference; lastKnownFileType = file.storyboard; name = Base; path = Base.lproj/LaunchScreen.storyboard; sourceTree = "<group>"; };
		1ADB117F1C216F3700DA3BBB /* Info.plist */ = {isa = PBXFileReference; lastKnownFileType = text.plist.xml; path = Info.plist; sourceTree = "<group>"; };
		1ADB11841C216F3700DA3BBB /* JustDoItTests.xctest */ = {isa = PBXFileReference; explicitFileType = wrapper.cfbundle; includeInIndex = 0; path = JustDoItTests.xctest; sourceTree = BUILT_PRODUCTS_DIR; };
		1ADB11881C216F3700DA3BBB /* JustDoItTests.swift */ = {isa = PBXFileReference; lastKnownFileType = sourcecode.swift; path = JustDoItTests.swift; sourceTree = "<group>"; };
		1ADB118A1C216F3700DA3BBB /* Info.plist */ = {isa = PBXFileReference; lastKnownFileType = text.plist.xml; path = Info.plist; sourceTree = "<group>"; };
		1ADB118F1C216F3700DA3BBB /* JustDoItUITests.xctest */ = {isa = PBXFileReference; explicitFileType = wrapper.cfbundle; includeInIndex = 0; path = JustDoItUITests.xctest; sourceTree = BUILT_PRODUCTS_DIR; };
		1ADB11931C216F3700DA3BBB /* JustDoItUITests.swift */ = {isa = PBXFileReference; lastKnownFileType = sourcecode.swift; path = JustDoItUITests.swift; sourceTree = "<group>"; };
		1ADB11951C216F3700DA3BBB /* Info.plist */ = {isa = PBXFileReference; lastKnownFileType = text.plist.xml; path = Info.plist; sourceTree = "<group>"; };
		24E738E5A7C0FB448EF9705E /* Pods-JustDoIt.release.xcconfig */ = {isa = PBXFileReference; includeInIndex = 1; lastKnownFileType = text.xcconfig; name = "Pods-JustDoIt.release.xcconfig"; path = "Pods/Target Support Files/Pods-JustDoIt/Pods-JustDoIt.release.xcconfig"; sourceTree = "<group>"; };
		B0FFE8583AB03DEF7DE4AC38 /* Pods_JustDoIt.framework */ = {isa = PBXFileReference; explicitFileType = wrapper.framework; includeInIndex = 0; path = Pods_JustDoIt.framework; sourceTree = BUILT_PRODUCTS_DIR; };
		FA0E3AC45D243DC1965F71FA /* Pods-JustDoIt.debug.xcconfig */ = {isa = PBXFileReference; includeInIndex = 1; lastKnownFileType = text.xcconfig; name = "Pods-JustDoIt.debug.xcconfig"; path = "Pods/Target Support Files/Pods-JustDoIt/Pods-JustDoIt.debug.xcconfig"; sourceTree = "<group>"; };
/* End PBXFileReference section */

/* Begin PBXFrameworksBuildPhase section */
		1AAC098E1C8F384900D9C112 /* Frameworks */ = {
			isa = PBXFrameworksBuildPhase;
			buildActionMask = 2147483647;
			files = (
			);
			runOnlyForDeploymentPostprocessing = 0;
		};
		1ADB116B1C216F3600DA3BBB /* Frameworks */ = {
			isa = PBXFrameworksBuildPhase;
			buildActionMask = 2147483647;
			files = (
				218F845C6C47B4DEF096BDC5 /* Pods_JustDoIt.framework in Frameworks */,
			);
			runOnlyForDeploymentPostprocessing = 0;
		};
		1ADB11811C216F3700DA3BBB /* Frameworks */ = {
			isa = PBXFrameworksBuildPhase;
			buildActionMask = 2147483647;
			files = (
			);
			runOnlyForDeploymentPostprocessing = 0;
		};
		1ADB118C1C216F3700DA3BBB /* Frameworks */ = {
			isa = PBXFrameworksBuildPhase;
			buildActionMask = 2147483647;
			files = (
			);
			runOnlyForDeploymentPostprocessing = 0;
		};
/* End PBXFrameworksBuildPhase section */

/* Begin PBXGroup section */
		1AAC09861C8F384800D9C112 /* JustDoItWatch */ = {
			isa = PBXGroup;
			children = (
				1AAC09871C8F384800D9C112 /* Interface.storyboard */,
				1AAC098A1C8F384800D9C112 /* Assets.xcassets */,
				1AAC098C1C8F384800D9C112 /* Info.plist */,
			);
			path = JustDoItWatch;
			sourceTree = "<group>";
		};
		1AAC09951C8F384900D9C112 /* JustDoItWatch Extension */ = {
			isa = PBXGroup;
			children = (
				1AAC09981C8F384900D9C112 /* InterfaceController.swift */,
				1AAC099A1C8F384900D9C112 /* ExtensionDelegate.swift */,
				1AAC099C1C8F384900D9C112 /* NotificationController.swift */,
				1AAC099E1C8F384900D9C112 /* Assets.xcassets */,
				1AAC09A01C8F384900D9C112 /* Info.plist */,
				1AAC09961C8F384900D9C112 /* Supporting Files */,
			);
			path = "JustDoItWatch Extension";
			sourceTree = "<group>";
		};
		1AAC09961C8F384900D9C112 /* Supporting Files */ = {
			isa = PBXGroup;
			children = (
				1AAC09971C8F384900D9C112 /* PushNotificationPayload.apns */,
			);
			name = "Supporting Files";
			sourceTree = "<group>";
		};
		1AB6C51F1C92F0FA001079E4 /* Model */ = {
			isa = PBXGroup;
			children = (
				1AB6C51D1C92EF7A001079E4 /* Goal.swift */,
				1A98A5541C2F7535004EA4EC /* Model.xcdatamodeld */,
			);
			name = Model;
			sourceTree = "<group>";
		};
		1AB6C5201C92F107001079E4 /* View */ = {
			isa = PBXGroup;
			children = (
				1A98A5571C2F7716004EA4EC /* Main.storyboard */,
				1ADB117C1C216F3700DA3BBB /* LaunchScreen.storyboard */,
			);
			name = View;
			sourceTree = "<group>";
		};
		1AB6C5211C92F120001079E4 /* Controller */ = {
			isa = PBXGroup;
			children = (
				1A208EBD1C9383ED007C0E6E /* DebugView.swift */,
				1ADB11711C216F3600DA3BBB /* AppDelegate.swift */,
				1A48AF291C5902A400D160CA /* GoalTableCell.swift */,
				1A4E4B301C5A3D2B00718D49 /* AddGoalViewController.swift */,
				1AAC09AC1C90AADF00D9C112 /* FinishAddGoalsTableViewController.swift */,
				1A5D72EB1C4E5D4100392F10 /* GoalsTableViewController.swift */,
				1A027EEE1C3AE45800808298 /* GoalDetailsViewController.swift */,
			);
			name = Controller;
			sourceTree = "<group>";
		};
		1ADB11651C216F3600DA3BBB = {
			isa = PBXGroup;
			children = (
				1A208EBB1C9334F8007C0E6E /* justdoit.caf */,
				1A208EB91C933339007C0E6E /* justdoit.mp3 */,
				1ADB11701C216F3600DA3BBB /* JustDoIt */,
				1ADB11871C216F3700DA3BBB /* JustDoItTests */,
				1ADB11921C216F3700DA3BBB /* JustDoItUITests */,
				1AAC09861C8F384800D9C112 /* JustDoItWatch */,
				1AAC09951C8F384900D9C112 /* JustDoItWatch Extension */,
				1ADB116F1C216F3600DA3BBB /* Products */,
				4DC7808AE374632132EF5369 /* Pods */,
				80B43760C6766A108D084C36 /* Frameworks */,
			);
			sourceTree = "<group>";
		};
		1ADB116F1C216F3600DA3BBB /* Products */ = {
			isa = PBXGroup;
			children = (
				1ADB116E1C216F3600DA3BBB /* JustDoIt.app */,
				1ADB11841C216F3700DA3BBB /* JustDoItTests.xctest */,
				1ADB118F1C216F3700DA3BBB /* JustDoItUITests.xctest */,
				1AAC09851C8F384800D9C112 /* JustDoItWatch.app */,
				1AAC09911C8F384900D9C112 /* JustDoItWatch Extension.appex */,
			);
			name = Products;
			sourceTree = "<group>";
		};
		1ADB11701C216F3600DA3BBB /* JustDoIt */ = {
			isa = PBXGroup;
			children = (
				1AB6C51F1C92F0FA001079E4 /* Model */,
				1AB6C5201C92F107001079E4 /* View */,
				1AB6C5211C92F120001079E4 /* Controller */,
				1ADB117F1C216F3700DA3BBB /* Info.plist */,
				1ADB117A1C216F3700DA3BBB /* Assets.xcassets */,
			);
			path = JustDoIt;
			sourceTree = "<group>";
		};
		1ADB11871C216F3700DA3BBB /* JustDoItTests */ = {
			isa = PBXGroup;
			children = (
				1ADB11881C216F3700DA3BBB /* JustDoItTests.swift */,
				1ADB118A1C216F3700DA3BBB /* Info.plist */,
			);
			path = JustDoItTests;
			sourceTree = "<group>";
		};
		1ADB11921C216F3700DA3BBB /* JustDoItUITests */ = {
			isa = PBXGroup;
			children = (
				1ADB11931C216F3700DA3BBB /* JustDoItUITests.swift */,
				1ADB11951C216F3700DA3BBB /* Info.plist */,
			);
			path = JustDoItUITests;
			sourceTree = "<group>";
		};
		4DC7808AE374632132EF5369 /* Pods */ = {
			isa = PBXGroup;
			children = (
				FA0E3AC45D243DC1965F71FA /* Pods-JustDoIt.debug.xcconfig */,
				24E738E5A7C0FB448EF9705E /* Pods-JustDoIt.release.xcconfig */,
			);
			name = Pods;
			sourceTree = "<group>";
		};
		80B43760C6766A108D084C36 /* Frameworks */ = {
			isa = PBXGroup;
			children = (
				B0FFE8583AB03DEF7DE4AC38 /* Pods_JustDoIt.framework */,
			);
			name = Frameworks;
			sourceTree = "<group>";
		};
/* End PBXGroup section */

/* Begin PBXNativeTarget section */
		1AAC09841C8F384800D9C112 /* JustDoItWatch */ = {
			isa = PBXNativeTarget;
			buildConfigurationList = 1AAC09AA1C8F384900D9C112 /* Build configuration list for PBXNativeTarget "JustDoItWatch" */;
			buildPhases = (
				1AAC09831C8F384800D9C112 /* Resources */,
				1AAC09A91C8F384900D9C112 /* Embed App Extensions */,
			);
			buildRules = (
			);
			dependencies = (
				1AAC09941C8F384900D9C112 /* PBXTargetDependency */,
			);
			name = JustDoItWatch;
			productName = JustDoItWatch;
			productReference = 1AAC09851C8F384800D9C112 /* JustDoItWatch.app */;
			productType = "com.apple.product-type.application.watchapp2";
		};
		1AAC09901C8F384900D9C112 /* JustDoItWatch Extension */ = {
			isa = PBXNativeTarget;
			buildConfigurationList = 1AAC09A81C8F384900D9C112 /* Build configuration list for PBXNativeTarget "JustDoItWatch Extension" */;
			buildPhases = (
				1AAC098D1C8F384900D9C112 /* Sources */,
				1AAC098E1C8F384900D9C112 /* Frameworks */,
				1AAC098F1C8F384900D9C112 /* Resources */,
			);
			buildRules = (
			);
			dependencies = (
			);
			name = "JustDoItWatch Extension";
			productName = "JustDoItWatch Extension";
			productReference = 1AAC09911C8F384900D9C112 /* JustDoItWatch Extension.appex */;
			productType = "com.apple.product-type.watchkit2-extension";
		};
		1ADB116D1C216F3600DA3BBB /* JustDoIt */ = {
			isa = PBXNativeTarget;
			buildConfigurationList = 1ADB11981C216F3700DA3BBB /* Build configuration list for PBXNativeTarget "JustDoIt" */;
			buildPhases = (
				BA418263D115BFB7A0D767EE /* Check Pods Manifest.lock */,
				1ADB116A1C216F3600DA3BBB /* Sources */,
				1ADB116B1C216F3600DA3BBB /* Frameworks */,
				1ADB116C1C216F3600DA3BBB /* Resources */,
				0809078CA68A9CBE3AB88B08 /* Embed Pods Frameworks */,
				08AAF4C9E678D21245055871 /* Copy Pods Resources */,
				1AAC09AB1C8F384900D9C112 /* Embed Watch Content */,
			);
			buildRules = (
			);
			dependencies = (
				1AAC09A21C8F384900D9C112 /* PBXTargetDependency */,
			);
			name = JustDoIt;
			productName = JustDoIt;
			productReference = 1ADB116E1C216F3600DA3BBB /* JustDoIt.app */;
			productType = "com.apple.product-type.application";
		};
		1ADB11831C216F3700DA3BBB /* JustDoItTests */ = {
			isa = PBXNativeTarget;
			buildConfigurationList = 1ADB119B1C216F3700DA3BBB /* Build configuration list for PBXNativeTarget "JustDoItTests" */;
			buildPhases = (
				1ADB11801C216F3700DA3BBB /* Sources */,
				1ADB11811C216F3700DA3BBB /* Frameworks */,
				1ADB11821C216F3700DA3BBB /* Resources */,
			);
			buildRules = (
			);
			dependencies = (
				1ADB11861C216F3700DA3BBB /* PBXTargetDependency */,
			);
			name = JustDoItTests;
			productName = JustDoItTests;
			productReference = 1ADB11841C216F3700DA3BBB /* JustDoItTests.xctest */;
			productType = "com.apple.product-type.bundle.unit-test";
		};
		1ADB118E1C216F3700DA3BBB /* JustDoItUITests */ = {
			isa = PBXNativeTarget;
			buildConfigurationList = 1ADB119E1C216F3700DA3BBB /* Build configuration list for PBXNativeTarget "JustDoItUITests" */;
			buildPhases = (
				1ADB118B1C216F3700DA3BBB /* Sources */,
				1ADB118C1C216F3700DA3BBB /* Frameworks */,
				1ADB118D1C216F3700DA3BBB /* Resources */,
			);
			buildRules = (
			);
			dependencies = (
				1ADB11911C216F3700DA3BBB /* PBXTargetDependency */,
			);
			name = JustDoItUITests;
			productName = JustDoItUITests;
			productReference = 1ADB118F1C216F3700DA3BBB /* JustDoItUITests.xctest */;
			productType = "com.apple.product-type.bundle.ui-testing";
		};
/* End PBXNativeTarget section */

/* Begin PBXProject section */
		1ADB11661C216F3600DA3BBB /* Project object */ = {
			isa = PBXProject;
			attributes = {
				LastSwiftUpdateCheck = 0720;
				LastUpgradeCheck = 0710;
				ORGANIZATIONNAME = "Some one";
				TargetAttributes = {
					1AAC09841C8F384800D9C112 = {
						CreatedOnToolsVersion = 7.2.1;
						DevelopmentTeam = K6J866Z846;
					};
					1AAC09901C8F384900D9C112 = {
						CreatedOnToolsVersion = 7.2.1;
						DevelopmentTeam = K6J866Z846;
					};
					1ADB116D1C216F3600DA3BBB = {
						CreatedOnToolsVersion = 7.1.1;
						DevelopmentTeam = K6J866Z846;
					};
					1ADB11831C216F3700DA3BBB = {
						CreatedOnToolsVersion = 7.1.1;
						TestTargetID = 1ADB116D1C216F3600DA3BBB;
					};
					1ADB118E1C216F3700DA3BBB = {
						CreatedOnToolsVersion = 7.1.1;
						TestTargetID = 1ADB116D1C216F3600DA3BBB;
					};
				};
			};
			buildConfigurationList = 1ADB11691C216F3600DA3BBB /* Build configuration list for PBXProject "JustDoIt" */;
			compatibilityVersion = "Xcode 3.2";
			developmentRegion = English;
			hasScannedForEncodings = 0;
			knownRegions = (
				en,
				Base,
			);
			mainGroup = 1ADB11651C216F3600DA3BBB;
			productRefGroup = 1ADB116F1C216F3600DA3BBB /* Products */;
			projectDirPath = "";
			projectRoot = "";
			targets = (
				1ADB116D1C216F3600DA3BBB /* JustDoIt */,
				1ADB11831C216F3700DA3BBB /* JustDoItTests */,
				1ADB118E1C216F3700DA3BBB /* JustDoItUITests */,
				1AAC09841C8F384800D9C112 /* JustDoItWatch */,
				1AAC09901C8F384900D9C112 /* JustDoItWatch Extension */,
			);
		};
/* End PBXProject section */

/* Begin PBXResourcesBuildPhase section */
		1AAC09831C8F384800D9C112 /* Resources */ = {
			isa = PBXResourcesBuildPhase;
			buildActionMask = 2147483647;
			files = (
				1AAC098B1C8F384800D9C112 /* Assets.xcassets in Resources */,
				1AAC09891C8F384800D9C112 /* Interface.storyboard in Resources */,
			);
			runOnlyForDeploymentPostprocessing = 0;
		};
		1AAC098F1C8F384900D9C112 /* Resources */ = {
			isa = PBXResourcesBuildPhase;
			buildActionMask = 2147483647;
			files = (
				1AAC099F1C8F384900D9C112 /* Assets.xcassets in Resources */,
			);
			runOnlyForDeploymentPostprocessing = 0;
		};
		1ADB116C1C216F3600DA3BBB /* Resources */ = {
			isa = PBXResourcesBuildPhase;
			buildActionMask = 2147483647;
			files = (
				1A208EBA1C933339007C0E6E /* justdoit.mp3 in Resources */,
				1A98A5591C2F7716004EA4EC /* Main.storyboard in Resources */,
				1ADB117E1C216F3700DA3BBB /* LaunchScreen.storyboard in Resources */,
				1ADB117B1C216F3700DA3BBB /* Assets.xcassets in Resources */,
				1A208EBC1C9334F8007C0E6E /* justdoit.caf in Resources */,
			);
			runOnlyForDeploymentPostprocessing = 0;
		};
		1ADB11821C216F3700DA3BBB /* Resources */ = {
			isa = PBXResourcesBuildPhase;
			buildActionMask = 2147483647;
			files = (
			);
			runOnlyForDeploymentPostprocessing = 0;
		};
		1ADB118D1C216F3700DA3BBB /* Resources */ = {
			isa = PBXResourcesBuildPhase;
			buildActionMask = 2147483647;
			files = (
			);
			runOnlyForDeploymentPostprocessing = 0;
		};
/* End PBXResourcesBuildPhase section */

/* Begin PBXShellScriptBuildPhase section */
		0809078CA68A9CBE3AB88B08 /* Embed Pods Frameworks */ = {
			isa = PBXShellScriptBuildPhase;
			buildActionMask = 2147483647;
			files = (
			);
			inputPaths = (
			);
			name = "Embed Pods Frameworks";
			outputPaths = (
			);
			runOnlyForDeploymentPostprocessing = 0;
			shellPath = /bin/sh;
			shellScript = "\"${SRCROOT}/Pods/Target Support Files/Pods-JustDoIt/Pods-JustDoIt-frameworks.sh\"\n";
			showEnvVarsInLog = 0;
		};
		08AAF4C9E678D21245055871 /* Copy Pods Resources */ = {
			isa = PBXShellScriptBuildPhase;
			buildActionMask = 2147483647;
			files = (
			);
			inputPaths = (
			);
			name = "Copy Pods Resources";
			outputPaths = (
			);
			runOnlyForDeploymentPostprocessing = 0;
			shellPath = /bin/sh;
			shellScript = "\"${SRCROOT}/Pods/Target Support Files/Pods-JustDoIt/Pods-JustDoIt-resources.sh\"\n";
			showEnvVarsInLog = 0;
		};
		BA418263D115BFB7A0D767EE /* Check Pods Manifest.lock */ = {
			isa = PBXShellScriptBuildPhase;
			buildActionMask = 2147483647;
			files = (
			);
			inputPaths = (
			);
			name = "Check Pods Manifest.lock";
			outputPaths = (
			);
			runOnlyForDeploymentPostprocessing = 0;
			shellPath = /bin/sh;
			shellScript = "diff \"${PODS_ROOT}/../Podfile.lock\" \"${PODS_ROOT}/Manifest.lock\" > /dev/null\nif [[ $? != 0 ]] ; then\n    cat << EOM\nerror: The sandbox is not in sync with the Podfile.lock. Run 'pod install' or update your CocoaPods installation.\nEOM\n    exit 1\nfi\n";
			showEnvVarsInLog = 0;
		};
/* End PBXShellScriptBuildPhase section */

/* Begin PBXSourcesBuildPhase section */
		1AAC098D1C8F384900D9C112 /* Sources */ = {
			isa = PBXSourcesBuildPhase;
			buildActionMask = 2147483647;
			files = (
				1AAC099D1C8F384900D9C112 /* NotificationController.swift in Sources */,
				1AAC099B1C8F384900D9C112 /* ExtensionDelegate.swift in Sources */,
				1AAC09991C8F384900D9C112 /* InterfaceController.swift in Sources */,
			);
			runOnlyForDeploymentPostprocessing = 0;
		};
		1ADB116A1C216F3600DA3BBB /* Sources */ = {
			isa = PBXSourcesBuildPhase;
			buildActionMask = 2147483647;
			files = (
				1AB6C51E1C92EF7A001079E4 /* Goal.swift in Sources */,
				1A48AF2A1C5902A400D160CA /* GoalTableCell.swift in Sources */,
				1ADB11721C216F3600DA3BBB /* AppDelegate.swift in Sources */,
				1A208EBE1C9383ED007C0E6E /* DebugView.swift in Sources */,
				1A027EEF1C3AE45800808298 /* GoalDetailsViewController.swift in Sources */,
				1A4E4B311C5A3D2B00718D49 /* AddGoalViewController.swift in Sources */,
				1A98A5561C2F7535004EA4EC /* Model.xcdatamodeld in Sources */,
				1A5D72EC1C4E5D4100392F10 /* GoalsTableViewController.swift in Sources */,
				1AAC09AD1C90AADF00D9C112 /* FinishAddGoalsTableViewController.swift in Sources */,
			);
			runOnlyForDeploymentPostprocessing = 0;
		};
		1ADB11801C216F3700DA3BBB /* Sources */ = {
			isa = PBXSourcesBuildPhase;
			buildActionMask = 2147483647;
			files = (
				1ADB11891C216F3700DA3BBB /* JustDoItTests.swift in Sources */,
			);
			runOnlyForDeploymentPostprocessing = 0;
		};
		1ADB118B1C216F3700DA3BBB /* Sources */ = {
			isa = PBXSourcesBuildPhase;
			buildActionMask = 2147483647;
			files = (
				1ADB11941C216F3700DA3BBB /* JustDoItUITests.swift in Sources */,
			);
			runOnlyForDeploymentPostprocessing = 0;
		};
/* End PBXSourcesBuildPhase section */

/* Begin PBXTargetDependency section */
		1AAC09941C8F384900D9C112 /* PBXTargetDependency */ = {
			isa = PBXTargetDependency;
			target = 1AAC09901C8F384900D9C112 /* JustDoItWatch Extension */;
			targetProxy = 1AAC09931C8F384900D9C112 /* PBXContainerItemProxy */;
		};
		1AAC09A21C8F384900D9C112 /* PBXTargetDependency */ = {
			isa = PBXTargetDependency;
			target = 1AAC09841C8F384800D9C112 /* JustDoItWatch */;
			targetProxy = 1AAC09A11C8F384900D9C112 /* PBXContainerItemProxy */;
		};
		1ADB11861C216F3700DA3BBB /* PBXTargetDependency */ = {
			isa = PBXTargetDependency;
			target = 1ADB116D1C216F3600DA3BBB /* JustDoIt */;
			targetProxy = 1ADB11851C216F3700DA3BBB /* PBXContainerItemProxy */;
		};
		1ADB11911C216F3700DA3BBB /* PBXTargetDependency */ = {
			isa = PBXTargetDependency;
			target = 1ADB116D1C216F3600DA3BBB /* JustDoIt */;
			targetProxy = 1ADB11901C216F3700DA3BBB /* PBXContainerItemProxy */;
		};
/* End PBXTargetDependency section */

/* Begin PBXVariantGroup section */
		1A98A5571C2F7716004EA4EC /* Main.storyboard */ = {
			isa = PBXVariantGroup;
			children = (
				1A98A5581C2F7716004EA4EC /* Base */,
			);
			name = Main.storyboard;
			path = ..;
			sourceTree = "<group>";
		};
		1AAC09871C8F384800D9C112 /* Interface.storyboard */ = {
			isa = PBXVariantGroup;
			children = (
				1AAC09881C8F384800D9C112 /* Base */,
			);
			name = Interface.storyboard;
			sourceTree = "<group>";
		};
		1ADB117C1C216F3700DA3BBB /* LaunchScreen.storyboard */ = {
			isa = PBXVariantGroup;
			children = (
				1ADB117D1C216F3700DA3BBB /* Base */,
			);
			name = LaunchScreen.storyboard;
			sourceTree = "<group>";
		};
/* End PBXVariantGroup section */

/* Begin XCBuildConfiguration section */
		1AAC09A41C8F384900D9C112 /* Debug */ = {
			isa = XCBuildConfiguration;
			buildSettings = {
				ASSETCATALOG_COMPILER_APPICON_NAME = AppIcon;
				CODE_SIGN_IDENTITY = "iPhone Developer";
				"CODE_SIGN_IDENTITY[sdk=iphoneos*]" = "iPhone Developer";
				EMBEDDED_CONTENT_CONTAINS_SWIFT = YES;
				IBSC_MODULE = JustDoItWatch_Extension;
				INFOPLIST_FILE = JustDoItWatch/Info.plist;
				PRODUCT_BUNDLE_IDENTIFIER = de.iosDev.JustDoIt.watchkitapp;
				PRODUCT_NAME = "$(TARGET_NAME)";
				SDKROOT = watchos;
				SKIP_INSTALL = YES;
				TARGETED_DEVICE_FAMILY = 4;
				WATCHOS_DEPLOYMENT_TARGET = 2.1;
			};
			name = Debug;
		};
		1AAC09A51C8F384900D9C112 /* Release */ = {
			isa = XCBuildConfiguration;
			buildSettings = {
				ASSETCATALOG_COMPILER_APPICON_NAME = AppIcon;
				CODE_SIGN_IDENTITY = "iPhone Developer";
				"CODE_SIGN_IDENTITY[sdk=iphoneos*]" = "iPhone Developer";
				EMBEDDED_CONTENT_CONTAINS_SWIFT = YES;
				IBSC_MODULE = JustDoItWatch_Extension;
				INFOPLIST_FILE = JustDoItWatch/Info.plist;
				PRODUCT_BUNDLE_IDENTIFIER = de.iosDev.JustDoIt.watchkitapp;
				PRODUCT_NAME = "$(TARGET_NAME)";
				SDKROOT = watchos;
				SKIP_INSTALL = YES;
				TARGETED_DEVICE_FAMILY = 4;
				WATCHOS_DEPLOYMENT_TARGET = 2.1;
			};
			name = Release;
		};
		1AAC09A61C8F384900D9C112 /* Debug */ = {
			isa = XCBuildConfiguration;
			buildSettings = {
				CODE_SIGN_IDENTITY = "iPhone Developer";
				"CODE_SIGN_IDENTITY[sdk=watchos*]" = "iPhone Developer";
				INFOPLIST_FILE = "JustDoItWatch Extension/Info.plist";
				LD_RUNPATH_SEARCH_PATHS = "$(inherited) @executable_path/Frameworks @executable_path/../../Frameworks";
				PRODUCT_BUNDLE_IDENTIFIER = de.iosDev.JustDoIt.watchkitapp.watchkitextension;
				PRODUCT_NAME = "${TARGET_NAME}";
				PROVISIONING_PROFILE = "";
				SDKROOT = watchos;
				SKIP_INSTALL = YES;
				TARGETED_DEVICE_FAMILY = 4;
				WATCHOS_DEPLOYMENT_TARGET = 2.1;
			};
			name = Debug;
		};
		1AAC09A71C8F384900D9C112 /* Release */ = {
			isa = XCBuildConfiguration;
			buildSettings = {
				CODE_SIGN_IDENTITY = "iPhone Developer";
				"CODE_SIGN_IDENTITY[sdk=watchos*]" = "iPhone Developer";
				INFOPLIST_FILE = "JustDoItWatch Extension/Info.plist";
				LD_RUNPATH_SEARCH_PATHS = "$(inherited) @executable_path/Frameworks @executable_path/../../Frameworks";
				PRODUCT_BUNDLE_IDENTIFIER = de.iosDev.JustDoIt.watchkitapp.watchkitextension;
				PRODUCT_NAME = "${TARGET_NAME}";
				PROVISIONING_PROFILE = "";
				SDKROOT = watchos;
				SKIP_INSTALL = YES;
				TARGETED_DEVICE_FAMILY = 4;
				WATCHOS_DEPLOYMENT_TARGET = 2.1;
			};
			name = Release;
		};
		1ADB11961C216F3700DA3BBB /* Debug */ = {
			isa = XCBuildConfiguration;
			buildSettings = {
				ALWAYS_SEARCH_USER_PATHS = NO;
				CLANG_CXX_LANGUAGE_STANDARD = "gnu++0x";
				CLANG_CXX_LIBRARY = "libc++";
				CLANG_ENABLE_MODULES = YES;
				CLANG_ENABLE_OBJC_ARC = YES;
				CLANG_WARN_BOOL_CONVERSION = YES;
				CLANG_WARN_CONSTANT_CONVERSION = YES;
				CLANG_WARN_DIRECT_OBJC_ISA_USAGE = YES_ERROR;
				CLANG_WARN_EMPTY_BODY = YES;
				CLANG_WARN_ENUM_CONVERSION = YES;
				CLANG_WARN_INT_CONVERSION = YES;
				CLANG_WARN_OBJC_ROOT_CLASS = YES_ERROR;
				CLANG_WARN_UNREACHABLE_CODE = YES;
				CLANG_WARN__DUPLICATE_METHOD_MATCH = YES;
				"CODE_SIGN_IDENTITY[sdk=iphoneos*]" = "iPhone Developer";
				COPY_PHASE_STRIP = NO;
				DEBUG_INFORMATION_FORMAT = dwarf;
				ENABLE_STRICT_OBJC_MSGSEND = YES;
				ENABLE_TESTABILITY = YES;
				GCC_C_LANGUAGE_STANDARD = gnu99;
				GCC_DYNAMIC_NO_PIC = NO;
				GCC_NO_COMMON_BLOCKS = YES;
				GCC_OPTIMIZATION_LEVEL = 0;
				GCC_PREPROCESSOR_DEFINITIONS = (
					"DEBUG=1",
					"$(inherited)",
				);
				GCC_WARN_64_TO_32_BIT_CONVERSION = YES;
				GCC_WARN_ABOUT_RETURN_TYPE = YES_ERROR;
				GCC_WARN_UNDECLARED_SELECTOR = YES;
				GCC_WARN_UNINITIALIZED_AUTOS = YES_AGGRESSIVE;
				GCC_WARN_UNUSED_FUNCTION = YES;
				GCC_WARN_UNUSED_VARIABLE = YES;
				IPHONEOS_DEPLOYMENT_TARGET = 9.1;
				MTL_ENABLE_DEBUG_INFO = YES;
				ONLY_ACTIVE_ARCH = YES;
				SDKROOT = iphoneos;
				SWIFT_OPTIMIZATION_LEVEL = "-Onone";
			};
			name = Debug;
		};
		1ADB11971C216F3700DA3BBB /* Release */ = {
			isa = XCBuildConfiguration;
			buildSettings = {
				ALWAYS_SEARCH_USER_PATHS = NO;
				CLANG_CXX_LANGUAGE_STANDARD = "gnu++0x";
				CLANG_CXX_LIBRARY = "libc++";
				CLANG_ENABLE_MODULES = YES;
				CLANG_ENABLE_OBJC_ARC = YES;
				CLANG_WARN_BOOL_CONVERSION = YES;
				CLANG_WARN_CONSTANT_CONVERSION = YES;
				CLANG_WARN_DIRECT_OBJC_ISA_USAGE = YES_ERROR;
				CLANG_WARN_EMPTY_BODY = YES;
				CLANG_WARN_ENUM_CONVERSION = YES;
				CLANG_WARN_INT_CONVERSION = YES;
				CLANG_WARN_OBJC_ROOT_CLASS = YES_ERROR;
				CLANG_WARN_UNREACHABLE_CODE = YES;
				CLANG_WARN__DUPLICATE_METHOD_MATCH = YES;
				"CODE_SIGN_IDENTITY[sdk=iphoneos*]" = "iPhone Developer";
				COPY_PHASE_STRIP = NO;
				DEBUG_INFORMATION_FORMAT = "dwarf-with-dsym";
				ENABLE_NS_ASSERTIONS = NO;
				ENABLE_STRICT_OBJC_MSGSEND = YES;
				GCC_C_LANGUAGE_STANDARD = gnu99;
				GCC_NO_COMMON_BLOCKS = YES;
				GCC_WARN_64_TO_32_BIT_CONVERSION = YES;
				GCC_WARN_ABOUT_RETURN_TYPE = YES_ERROR;
				GCC_WARN_UNDECLARED_SELECTOR = YES;
				GCC_WARN_UNINITIALIZED_AUTOS = YES_AGGRESSIVE;
				GCC_WARN_UNUSED_FUNCTION = YES;
				GCC_WARN_UNUSED_VARIABLE = YES;
				IPHONEOS_DEPLOYMENT_TARGET = 9.1;
				MTL_ENABLE_DEBUG_INFO = NO;
				SDKROOT = iphoneos;
				VALIDATE_PRODUCT = YES;
			};
			name = Release;
		};
		1ADB11991C216F3700DA3BBB /* Debug */ = {
			isa = XCBuildConfiguration;
			baseConfigurationReference = FA0E3AC45D243DC1965F71FA /* Pods-JustDoIt.debug.xcconfig */;
			buildSettings = {
				ASSETCATALOG_COMPILER_APPICON_NAME = AppIcon;
				CODE_SIGN_IDENTITY = "iPhone Developer";
				"CODE_SIGN_IDENTITY[sdk=iphoneos*]" = "iPhone Developer";
				INFOPLIST_FILE = JustDoIt/Info.plist;
				LD_RUNPATH_SEARCH_PATHS = "$(inherited) @executable_path/Frameworks";
				PRODUCT_BUNDLE_IDENTIFIER = de.iosDev.JustDoIt;
				PRODUCT_NAME = "$(TARGET_NAME)";
				PROVISIONING_PROFILE = "";
			};
			name = Debug;
		};
		1ADB119A1C216F3700DA3BBB /* Release */ = {
			isa = XCBuildConfiguration;
			baseConfigurationReference = 24E738E5A7C0FB448EF9705E /* Pods-JustDoIt.release.xcconfig */;
			buildSettings = {
				ASSETCATALOG_COMPILER_APPICON_NAME = AppIcon;
				CODE_SIGN_IDENTITY = "iPhone Developer";
				"CODE_SIGN_IDENTITY[sdk=iphoneos*]" = "iPhone Developer";
				INFOPLIST_FILE = JustDoIt/Info.plist;
				LD_RUNPATH_SEARCH_PATHS = "$(inherited) @executable_path/Frameworks";
				PRODUCT_BUNDLE_IDENTIFIER = de.iosDev.JustDoIt;
				PRODUCT_NAME = "$(TARGET_NAME)";
				PROVISIONING_PROFILE = "";
			};
			name = Release;
		};
		1ADB119C1C216F3700DA3BBB /* Debug */ = {
			isa = XCBuildConfiguration;
			buildSettings = {
				BUNDLE_LOADER = "$(TEST_HOST)";
				INFOPLIST_FILE = JustDoItTests/Info.plist;
				LD_RUNPATH_SEARCH_PATHS = "$(inherited) @executable_path/Frameworks @loader_path/Frameworks";
				PRODUCT_BUNDLE_IDENTIFIER = de.iosDev.JustDoItTests;
				PRODUCT_NAME = "$(TARGET_NAME)";
				TEST_HOST = "$(BUILT_PRODUCTS_DIR)/JustDoIt.app/JustDoIt";
			};
			name = Debug;
		};
		1ADB119D1C216F3700DA3BBB /* Release */ = {
			isa = XCBuildConfiguration;
			buildSettings = {
				BUNDLE_LOADER = "$(TEST_HOST)";
				INFOPLIST_FILE = JustDoItTests/Info.plist;
				LD_RUNPATH_SEARCH_PATHS = "$(inherited) @executable_path/Frameworks @loader_path/Frameworks";
				PRODUCT_BUNDLE_IDENTIFIER = de.iosDev.JustDoItTests;
				PRODUCT_NAME = "$(TARGET_NAME)";
				TEST_HOST = "$(BUILT_PRODUCTS_DIR)/JustDoIt.app/JustDoIt";
			};
			name = Release;
		};
		1ADB119F1C216F3700DA3BBB /* Debug */ = {
			isa = XCBuildConfiguration;
			buildSettings = {
				INFOPLIST_FILE = JustDoItUITests/Info.plist;
				LD_RUNPATH_SEARCH_PATHS = "$(inherited) @executable_path/Frameworks @loader_path/Frameworks";
				PRODUCT_BUNDLE_IDENTIFIER = de.iosDev.JustDoItUITests;
				PRODUCT_NAME = "$(TARGET_NAME)";
				TEST_TARGET_NAME = JustDoIt;
				USES_XCTRUNNER = YES;
			};
			name = Debug;
		};
		1ADB11A01C216F3700DA3BBB /* Release */ = {
			isa = XCBuildConfiguration;
			buildSettings = {
				INFOPLIST_FILE = JustDoItUITests/Info.plist;
				LD_RUNPATH_SEARCH_PATHS = "$(inherited) @executable_path/Frameworks @loader_path/Frameworks";
				PRODUCT_BUNDLE_IDENTIFIER = de.iosDev.JustDoItUITests;
				PRODUCT_NAME = "$(TARGET_NAME)";
				TEST_TARGET_NAME = JustDoIt;
				USES_XCTRUNNER = YES;
			};
			name = Release;
		};
/* End XCBuildConfiguration section */

/* Begin XCConfigurationList section */
		1AAC09A81C8F384900D9C112 /* Build configuration list for PBXNativeTarget "JustDoItWatch Extension" */ = {
			isa = XCConfigurationList;
			buildConfigurations = (
				1AAC09A61C8F384900D9C112 /* Debug */,
				1AAC09A71C8F384900D9C112 /* Release */,
			);
			defaultConfigurationIsVisible = 0;
			defaultConfigurationName = Release;
		};
		1AAC09AA1C8F384900D9C112 /* Build configuration list for PBXNativeTarget "JustDoItWatch" */ = {
			isa = XCConfigurationList;
			buildConfigurations = (
				1AAC09A41C8F384900D9C112 /* Debug */,
				1AAC09A51C8F384900D9C112 /* Release */,
			);
			defaultConfigurationIsVisible = 0;
			defaultConfigurationName = Release;
		};
		1ADB11691C216F3600DA3BBB /* Build configuration list for PBXProject "JustDoIt" */ = {
			isa = XCConfigurationList;
			buildConfigurations = (
				1ADB11961C216F3700DA3BBB /* Debug */,
				1ADB11971C216F3700DA3BBB /* Release */,
			);
			defaultConfigurationIsVisible = 0;
			defaultConfigurationName = Release;
		};
		1ADB11981C216F3700DA3BBB /* Build configuration list for PBXNativeTarget "JustDoIt" */ = {
			isa = XCConfigurationList;
			buildConfigurations = (
				1ADB11991C216F3700DA3BBB /* Debug */,
				1ADB119A1C216F3700DA3BBB /* Release */,
			);
			defaultConfigurationIsVisible = 0;
			defaultConfigurationName = Release;
		};
		1ADB119B1C216F3700DA3BBB /* Build configuration list for PBXNativeTarget "JustDoItTests" */ = {
			isa = XCConfigurationList;
			buildConfigurations = (
				1ADB119C1C216F3700DA3BBB /* Debug */,
				1ADB119D1C216F3700DA3BBB /* Release */,
			);
			defaultConfigurationIsVisible = 0;
			defaultConfigurationName = Release;
		};
		1ADB119E1C216F3700DA3BBB /* Build configuration list for PBXNativeTarget "JustDoItUITests" */ = {
			isa = XCConfigurationList;
			buildConfigurations = (
				1ADB119F1C216F3700DA3BBB /* Debug */,
				1ADB11A01C216F3700DA3BBB /* Release */,
			);
			defaultConfigurationIsVisible = 0;
			defaultConfigurationName = Release;
		};
/* End XCConfigurationList section */

/* Begin XCVersionGroup section */
		1A98A5541C2F7535004EA4EC /* Model.xcdatamodeld */ = {
			isa = XCVersionGroup;
			children = (
				1A98A5551C2F7535004EA4EC /* Model.xcdatamodel */,
			);
			currentVersion = 1A98A5551C2F7535004EA4EC /* Model.xcdatamodel */;
			path = Model.xcdatamodeld;
			sourceTree = "<group>";
			versionGroupType = wrapper.xcdatamodel;
		};
/* End XCVersionGroup section */
	};
	rootObject = 1ADB11661C216F3600DA3BBB /* Project object */;
}
